
Microsoft Visual Studio Solution File, Format Version 12.00
# Visual Studio Version 16
VisualStudioVersion = 16.0.29009.5
MinimumVisualStudioVersion = 10.0.40219.1
Project("{888888A0-9F3D-457C-B088-3A5042F75D52}") = "tgm", "tgm.pyproj", "{0968D933-90AA-4ACE-A92E-E18911E9C27D}"
EndProject
Global
	GlobalSection(SolutionConfigurationPlatforms) = preSolution
		Debug|Any CPU = Debug|Any CPU
		Release|Any CPU = Release|Any CPU
	EndGlobalSection
	GlobalSection(ProjectConfigurationPlatforms) = postSolution
		{0968D933-90AA-4ACE-A92E-E18911E9C27D}.Debug|Any CPU.ActiveCfg = Debug|Any CPU
		{0968D933-90AA-4ACE-A92E-E18911E9C27D}.Release|Any CPU.ActiveCfg = Release|Any CPU
	EndGlobalSection
	GlobalSection(SolutionProperties) = preSolution
		HideSolutionNode = FALSE
	EndGlobalSection
	GlobalSection(ExtensibilityGlobals) = postSolution
		SolutionGuid = {9DAB4410-2CB4-40BE-8225-DC44173B4D80}
	EndGlobalSection
EndGlobal
